
Microsoft Visual Studio Solution File, Format Version 12.00
# Visual Studio 14
VisualStudioVersion = 14.0.25420.1
MinimumVisualStudioVersion = 10.0.40219.1
Project("{FAE04EC0-301F-11D3-BF4B-00C04F79EFBC}") = "Tehtävä1", "Tehtävä1\Tehtävä1.csproj", "{DB8047A2-5C60-42A4-AFF4-979E32430E3D}"
EndProject
Project("{FAE04EC0-301F-11D3-BF4B-00C04F79EFBC}") = "Tehtävä1B", "Tehtävä2\Tehtävä1B.csproj", "{42345B8E-953C-4CAE-9783-12E41F29D09B}"
EndProject
Project("{FAE04EC0-301F-11D3-BF4B-00C04F79EFBC}") = "Tehtävä2A", "Tehtävä2A\Tehtävä2A.csproj", "{3BD556BE-B7F9-4B19-82D5-BD727F8B7320}"
EndProject
Project("{FAE04EC0-301F-11D3-BF4B-00C04F79EFBC}") = "Tehtävä3", "Tehtävä3\Tehtävä3.csproj", "{14838B06-3CDC-4CCC-867B-3EE35EE85FC7}"
EndProject
Project("{FAE04EC0-301F-11D3-BF4B-00C04F79EFBC}") = "Tehtävä4", "Tehtävä4\Tehtävä4.csproj", "{B89019F4-0399-4B64-8C06-740E370B8B34}"
EndProject
Project("{FAE04EC0-301F-11D3-BF4B-00C04F79EFBC}") = "Tehtävä5", "Tehtävä5\Tehtävä5.csproj", "{F6A64276-0455-43D4-81CE-A6AFFA205A95}"
EndProject
Project("{FAE04EC0-301F-11D3-BF4B-00C04F79EFBC}") = "Tehtävä6", "Tehtävä6\Tehtävä6.csproj", "{1BEB152C-88B6-4478-B40C-A87A97ADF599}"
EndProject
Project("{FAE04EC0-301F-11D3-BF4B-00C04F79EFBC}") = "Tehtävä7", "Tehtävä7\Tehtävä7.csproj", "{3DF2241F-0A09-4C8C-9AB7-DB59810F583B}"
EndProject
Project("{FAE04EC0-301F-11D3-BF4B-00C04F79EFBC}") = "Tehtävä8", "Tehtävä8\Tehtävä8.csproj", "{20B402F1-AC8C-4AF5-A671-7D76AE104300}"
EndProject
Project("{FAE04EC0-301F-11D3-BF4B-00C04F79EFBC}") = "Tehtävä9", "Tehtävä9\Tehtävä9.csproj", "{43CB35DC-8934-4154-B299-18FAC493AE43}"
EndProject
Global
	GlobalSection(SolutionConfigurationPlatforms) = preSolution
		Debug|Any CPU = Debug|Any CPU
		Release|Any CPU = Release|Any CPU
	EndGlobalSection
	GlobalSection(ProjectConfigurationPlatforms) = postSolution
		{DB8047A2-5C60-42A4-AFF4-979E32430E3D}.Debug|Any CPU.ActiveCfg = Debug|Any CPU
		{DB8047A2-5C60-42A4-AFF4-979E32430E3D}.Debug|Any CPU.Build.0 = Debug|Any CPU
		{DB8047A2-5C60-42A4-AFF4-979E32430E3D}.Release|Any CPU.ActiveCfg = Release|Any CPU
		{DB8047A2-5C60-42A4-AFF4-979E32430E3D}.Release|Any CPU.Build.0 = Release|Any CPU
		{42345B8E-953C-4CAE-9783-12E41F29D09B}.Debug|Any CPU.ActiveCfg = Debug|Any CPU
		{42345B8E-953C-4CAE-9783-12E41F29D09B}.Debug|Any CPU.Build.0 = Debug|Any CPU
		{42345B8E-953C-4CAE-9783-12E41F29D09B}.Release|Any CPU.ActiveCfg = Release|Any CPU
		{42345B8E-953C-4CAE-9783-12E41F29D09B}.Release|Any CPU.Build.0 = Release|Any CPU
		{3BD556BE-B7F9-4B19-82D5-BD727F8B7320}.Debug|Any CPU.ActiveCfg = Debug|Any CPU
		{3BD556BE-B7F9-4B19-82D5-BD727F8B7320}.Debug|Any CPU.Build.0 = Debug|Any CPU
		{3BD556BE-B7F9-4B19-82D5-BD727F8B7320}.Release|Any CPU.ActiveCfg = Release|Any CPU
		{3BD556BE-B7F9-4B19-82D5-BD727F8B7320}.Release|Any CPU.Build.0 = Release|Any CPU
		{14838B06-3CDC-4CCC-867B-3EE35EE85FC7}.Debug|Any CPU.ActiveCfg = Debug|Any CPU
		{14838B06-3CDC-4CCC-867B-3EE35EE85FC7}.Debug|Any CPU.Build.0 = Debug|Any CPU
		{14838B06-3CDC-4CCC-867B-3EE35EE85FC7}.Release|Any CPU.ActiveCfg = Release|Any CPU
		{14838B06-3CDC-4CCC-867B-3EE35EE85FC7}.Release|Any CPU.Build.0 = Release|Any CPU
		{B89019F4-0399-4B64-8C06-740E370B8B34}.Debug|Any CPU.ActiveCfg = Debug|Any CPU
		{B89019F4-0399-4B64-8C06-740E370B8B34}.Debug|Any CPU.Build.0 = Debug|Any CPU
		{B89019F4-0399-4B64-8C06-740E370B8B34}.Release|Any CPU.ActiveCfg = Release|Any CPU
		{B89019F4-0399-4B64-8C06-740E370B8B34}.Release|Any CPU.Build.0 = Release|Any CPU
		{F6A64276-0455-43D4-81CE-A6AFFA205A95}.Debug|Any CPU.ActiveCfg = Debug|Any CPU
		{F6A64276-0455-43D4-81CE-A6AFFA205A95}.Debug|Any CPU.Build.0 = Debug|Any CPU
		{F6A64276-0455-43D4-81CE-A6AFFA205A95}.Release|Any CPU.ActiveCfg = Release|Any CPU
		{F6A64276-0455-43D4-81CE-A6AFFA205A95}.Release|Any CPU.Build.0 = Release|Any CPU
		{1BEB152C-88B6-4478-B40C-A87A97ADF599}.Debug|Any CPU.ActiveCfg = Debug|Any CPU
		{1BEB152C-88B6-4478-B40C-A87A97ADF599}.Debug|Any CPU.Build.0 = Debug|Any CPU
		{1BEB152C-88B6-4478-B40C-A87A97ADF599}.Release|Any CPU.ActiveCfg = Release|Any CPU
		{1BEB152C-88B6-4478-B40C-A87A97ADF599}.Release|Any CPU.Build.0 = Release|Any CPU
		{3DF2241F-0A09-4C8C-9AB7-DB59810F583B}.Debug|Any CPU.ActiveCfg = Debug|Any CPU
		{3DF2241F-0A09-4C8C-9AB7-DB59810F583B}.Debug|Any CPU.Build.0 = Debug|Any CPU
		{3DF2241F-0A09-4C8C-9AB7-DB59810F583B}.Release|Any CPU.ActiveCfg = Release|Any CPU
		{3DF2241F-0A09-4C8C-9AB7-DB59810F583B}.Release|Any CPU.Build.0 = Release|Any CPU
		{20B402F1-AC8C-4AF5-A671-7D76AE104300}.Debug|Any CPU.ActiveCfg = Debug|Any CPU
		{20B402F1-AC8C-4AF5-A671-7D76AE104300}.Debug|Any CPU.Build.0 = Debug|Any CPU
		{20B402F1-AC8C-4AF5-A671-7D76AE104300}.Release|Any CPU.ActiveCfg = Release|Any CPU
		{20B402F1-AC8C-4AF5-A671-7D76AE104300}.Release|Any CPU.Build.0 = Release|Any CPU
		{43CB35DC-8934-4154-B299-18FAC493AE43}.Debug|Any CPU.ActiveCfg = Debug|Any CPU
		{43CB35DC-8934-4154-B299-18FAC493AE43}.Debug|Any CPU.Build.0 = Debug|Any CPU
		{43CB35DC-8934-4154-B299-18FAC493AE43}.Release|Any CPU.ActiveCfg = Release|Any CPU
		{43CB35DC-8934-4154-B299-18FAC493AE43}.Release|Any CPU.Build.0 = Release|Any CPU
	EndGlobalSection
	GlobalSection(SolutionProperties) = preSolution
		HideSolutionNode = FALSE
	EndGlobalSection
EndGlobal
